
Microsoft Visual Studio Solution File, Format Version 12.00
# Visual Studio Version 17
VisualStudioVersion = 17.0.31903.59
MinimumVisualStudioVersion = 10.0.40219.1
Project("{FAE04EC0-301F-11D3-BF4B-00C04F79EFBC}") = "Dota2Dispenser", "Dota2Dispenser\Dota2Dispenser.csproj", "{BC6DD2CC-1DDF-4307-AB4B-7B80185916FB}"
EndProject
Project("{FAE04EC0-301F-11D3-BF4B-00C04F79EFBC}") = "Dota2Dispenser.Shared", "Dota2Dispenser.Shared\Dota2Dispenser.Shared.csproj", "{D961D935-A49A-4215-819B-1914E98B77CF}"
EndProject
Project("{2150E333-8FDC-42A3-9474-1A3956D46DE8}") = "SteamKitDota2", "SteamKitDota2", "{C6FF75FA-BF23-46CE-9CD1-55CFEA3D85D0}"
EndProject
Project("{FAE04EC0-301F-11D3-BF4B-00C04F79EFBC}") = "SteamKitDota2", "SteamKitDota2\SteamKitDota2\SteamKitDota2.csproj", "{80CDC26D-6327-409A-8ECE-A8B46632EA57}"
EndProject
Global
	GlobalSection(SolutionConfigurationPlatforms) = preSolution
		Debug|Any CPU = Debug|Any CPU
		Release|Any CPU = Release|Any CPU
	EndGlobalSection
	GlobalSection(SolutionProperties) = preSolution
		HideSolutionNode = FALSE
	EndGlobalSection
	GlobalSection(ProjectConfigurationPlatforms) = postSolution
		{BC6DD2CC-1DDF-4307-AB4B-7B80185916FB}.Debug|Any CPU.ActiveCfg = Debug|Any CPU
		{BC6DD2CC-1DDF-4307-AB4B-7B80185916FB}.Debug|Any CPU.Build.0 = Debug|Any CPU
		{BC6DD2CC-1DDF-4307-AB4B-7B80185916FB}.Release|Any CPU.ActiveCfg = Release|Any CPU
		{BC6DD2CC-1DDF-4307-AB4B-7B80185916FB}.Release|Any CPU.Build.0 = Release|Any CPU
		{D961D935-A49A-4215-819B-1914E98B77CF}.Debug|Any CPU.ActiveCfg = Debug|Any CPU
		{D961D935-A49A-4215-819B-1914E98B77CF}.Debug|Any CPU.Build.0 = Debug|Any CPU
		{D961D935-A49A-4215-819B-1914E98B77CF}.Release|Any CPU.ActiveCfg = Release|Any CPU
		{D961D935-A49A-4215-819B-1914E98B77CF}.Release|Any CPU.Build.0 = Release|Any CPU
		{80CDC26D-6327-409A-8ECE-A8B46632EA57}.Debug|Any CPU.ActiveCfg = Debug|Any CPU
		{80CDC26D-6327-409A-8ECE-A8B46632EA57}.Debug|Any CPU.Build.0 = Debug|Any CPU
		{80CDC26D-6327-409A-8ECE-A8B46632EA57}.Release|Any CPU.ActiveCfg = Release|Any CPU
		{80CDC26D-6327-409A-8ECE-A8B46632EA57}.Release|Any CPU.Build.0 = Release|Any CPU
	EndGlobalSection
	GlobalSection(NestedProjects) = preSolution
		{80CDC26D-6327-409A-8ECE-A8B46632EA57} = {C6FF75FA-BF23-46CE-9CD1-55CFEA3D85D0}
	EndGlobalSection
EndGlobal
